
Microsoft Visual Studio Solution File, Format Version 12.00
# Visual Studio 2012
Project("{FAE04EC0-301F-11D3-BF4B-00C04F79EFBC}") = "BestTrip", "BestTrip\BestTrip.csproj", "{46F91457-C69C-4D8C-A2EA-1177B874F1DD}"
EndProject
Project("{FAE04EC0-301F-11D3-BF4B-00C04F79EFBC}") = "ConsoleBestTrip", "ConsoleBestTrip\ConsoleBestTrip.csproj", "{15E3FB40-A7FB-43F4-9505-98CB339473E2}"
EndProject
Global
	GlobalSection(SolutionConfigurationPlatforms) = preSolution
		Debug|Any CPU = Debug|Any CPU
		Release|Any CPU = Release|Any CPU
	EndGlobalSection
	GlobalSection(ProjectConfigurationPlatforms) = postSolution
		{46F91457-C69C-4D8C-A2EA-1177B874F1DD}.Debug|Any CPU.ActiveCfg = Debug|Any CPU
		{46F91457-C69C-4D8C-A2EA-1177B874F1DD}.Debug|Any CPU.Build.0 = Debug|Any CPU
		{46F91457-C69C-4D8C-A2EA-1177B874F1DD}.Release|Any CPU.ActiveCfg = Release|Any CPU
		{46F91457-C69C-4D8C-A2EA-1177B874F1DD}.Release|Any CPU.Build.0 = Release|Any CPU
		{15E3FB40-A7FB-43F4-9505-98CB339473E2}.Debug|Any CPU.ActiveCfg = Debug|Any CPU
		{15E3FB40-A7FB-43F4-9505-98CB339473E2}.Debug|Any CPU.Build.0 = Debug|Any CPU
		{15E3FB40-A7FB-43F4-9505-98CB339473E2}.Release|Any CPU.ActiveCfg = Release|Any CPU
		{15E3FB40-A7FB-43F4-9505-98CB339473E2}.Release|Any CPU.Build.0 = Release|Any CPU
	EndGlobalSection
	GlobalSection(SolutionProperties) = preSolution
		HideSolutionNode = FALSE
	EndGlobalSection
EndGlobal
